{
  "originHash" : "1822d09e1e8e484456c7bfcc46d8580c33975f5e1d29672c5b89300a5d19a4c9",
  "pins" : [
    {
      "identity" : "agentic",
      "kind" : "remoteSourceControl",
      "location" : "https://github.com/leviouwendijk/Agentic.git",
      "state" : {
        "branch" : "master",
        "revision" : "bc7665735957b8298fdb58d6c5d8e050913ee57c"
      }
    },
    {
      "identity" : "agenticexecution",
      "kind" : "remoteSourceControl",
      "location" : "https://github.com/leviouwendijk/AgenticExecution.git",
      "state" : {
        "branch" : "master",
        "revision" : "bd2b59da2538999898493a53af1005d2eb7c28f5"
      }
    },
    {
      "identity" : "agenticinference",
      "kind" : "remoteSourceControl",
      "location" : "https://github.com/leviouwendijk/AgenticInference.git",
      "state" : {
        "branch" : "master",
        "revision" : "73052a5559b68b1396d01fc1fe6a94a8e5fb9e15"
      }
    },
    {
      "identity" : "agenticio",
      "kind" : "remoteSourceControl",
      "location" : "https://github.com/leviouwendijk/AgenticIO.git",
      "state" : {
        "branch" : "master",
        "revision" : "688f63936aa8431a9ee196a15c66eef0caadb30e"
      }
    },
    {
      "identity" : "agenticmodels",
      "kind" : "remoteSourceControl",
      "location" : "https://github.com/leviouwendijk/AgenticModels.git",
      "state" : {
        "branch" : "master",
        "revision" : "cd6dcc39beb2a6ff69ad01328f5e716c5d96cae2"
      }
    },
    {
      "identity" : "agenticprograms",
      "kind" : "remoteSourceControl",
      "location" : "https://github.com/leviouwendijk/AgenticPrograms.git",
      "state" : {
        "branch" : "master",
        "revision" : "e232f63f6964fa3b9bd90530b14dc462ff298b9a"
      }
    },
    {
      "identity" : "agenticrecovery",
      "kind" : "remoteSourceControl",
      "location" : "https://github.com/leviouwendijk/AgenticRecovery.git",
      "state" : {
        "branch" : "master",
        "revision" : "c4893afa6feffba5a8607b23f266fc022df7a2a4"
      }
    },
    {
      "identity" : "agentictools",
      "kind" : "remoteSourceControl",
      "location" : "https://github.com/leviouwendijk/AgenticTools.git",
      "state" : {
        "branch" : "master",
        "revision" : "933ef8df1a98bbc69f44aa7b1f9bbb561d290822"
      }
    },
    {
      "identity" : "agenticusage",
      "kind" : "remoteSourceControl",
      "location" : "https://github.com/leviouwendijk/AgenticUsage.git",
      "state" : {
        "branch" : "master",
        "revision" : "52a8fd411ae3c0a633a8093a47e67d3f91d18262"
      }
    },
    {
      "identity" : "agenticworkspace",
      "kind" : "remoteSourceControl",
      "location" : "https://github.com/leviouwendijk/AgenticWorkspace.git",
      "state" : {
        "branch" : "master",
        "revision" : "34add55626d2248ab49ccd6d794002903d819533"
      }
    },
    {
      "identity" : "ansi",
      "kind" : "remoteSourceControl",
      "location" : "https://github.com/leviouwendijk/ANSI.git",
      "state" : {
        "branch" : "master",
        "revision" : "073d9ca7870b688a312608acf14eae6ba052c0d6"
      }
    },
    {
      "identity" : "arguments",
      "kind" : "remoteSourceControl",
      "location" : "https://github.com/leviouwendijk/Arguments.git",
      "state" : {
        "branch" : "master",
        "revision" : "d4ea1ad418c54380fde04cefacf5d59fa90054ba"
      }
    },
    {
      "identity" : "clipboard",
      "kind" : "remoteSourceControl",
      "location" : "https://github.com/leviouwendijk/Clipboard.git",
      "state" : {
        "branch" : "master",
        "revision" : "01f5f9aa53fe3dd2cb3e227117e4a850e4be05c6"
      }
    },
    {
      "identity" : "concatenation",
      "kind" : "remoteSourceControl",
      "location" : "https://github.com/leviouwendijk/Concatenation.git",
      "state" : {
        "branch" : "master",
        "revision" : "bb67a88299a009e1eae4cf3f2c76fe1e3b7842a5"
      }
    },
    {
      "identity" : "difference",
      "kind" : "remoteSourceControl",
      "location" : "https://github.com/leviouwendijk/Difference.git",
      "state" : {
        "branch" : "master",
        "revision" : "8332c1ae56901b73f3b23a9c490516f0f6bb78fb"
      }
    },
    {
      "identity" : "dsl",
      "kind" : "remoteSourceControl",
      "location" : "https://github.com/leviouwendijk/DSL.git",
      "state" : {
        "branch" : "master",
        "revision" : "30ec6798f883b91f697d060bb001e0e4f7a09225"
      }
    },
    {
      "identity" : "errors",
      "kind" : "remoteSourceControl",
      "location" : "https://github.com/leviouwendijk/Errors.git",
      "state" : {
        "branch" : "master",
        "revision" : "72d3aaf1203e3443df34ac4bef61683d5285eb25"
      }
    },
    {
      "identity" : "excerpt",
      "kind" : "remoteSourceControl",
      "location" : "https://github.com/leviouwendijk/Excerpt.git",
      "state" : {
        "branch" : "master",
        "revision" : "9369604e8cfe761588003c61ed849462ca8fb14e"
      }
    },
    {
      "identity" : "filetypes",
      "kind" : "remoteSourceControl",
      "location" : "https://github.com/leviouwendijk/FileTypes.git",
      "state" : {
        "branch" : "master",
        "revision" : "f0c1d8bf5beda0de51c9e95b687fbdec9e4ce7b0"
      }
    },
    {
      "identity" : "fuzzy",
      "kind" : "remoteSourceControl",
      "location" : "https://github.com/leviouwendijk/Fuzzy.git",
      "state" : {
        "branch" : "master",
        "revision" : "b51fd4d53899dcfd0150bd8b8215c12acb25910f"
      }
    },
    {
      "identity" : "guidelines",
      "kind" : "remoteSourceControl",
      "location" : "https://github.com/leviouwendijk/Guidelines.git",
      "state" : {
        "branch" : "master",
        "revision" : "0a5bd3f30af7eaeb79c0ac37007f10322920f95a"
      }
    },
    {
      "identity" : "guidelinessearch",
      "kind" : "remoteSourceControl",
      "location" : "https://github.com/leviouwendijk/GuidelinesSearch.git",
      "state" : {
        "branch" : "master",
        "revision" : "791d4382cfb7434b265398843167b5d9c10060c5"
      }
    },
    {
      "identity" : "indentation",
      "kind" : "remoteSourceControl",
      "location" : "https://github.com/leviouwendijk/Indentation.git",
      "state" : {
        "branch" : "master",
        "revision" : "8b85325433aa97ee19c9c77f564500be189978d6"
      }
    },
    {
      "identity" : "io",
      "kind" : "remoteSourceControl",
      "location" : "https://github.com/leviouwendijk/IO.git",
      "state" : {
        "branch" : "master",
        "revision" : "cb8775249cb785f25ddee26caeae6c2db07eaa2e"
      }
    },
    {
      "identity" : "macros",
      "kind" : "remoteSourceControl",
      "location" : "https://github.com/leviouwendijk/Macros.git",
      "state" : {
        "branch" : "master",
        "revision" : "44885d7ebddc4e9ced6f7cba0deac0ca98da20f1"
      }
    },
    {
      "identity" : "matching",
      "kind" : "remoteSourceControl",
      "location" : "https://github.com/leviouwendijk/Matching.git",
      "state" : {
        "branch" : "master",
        "revision" : "5ac7de66e96468fb00a5fb5748fd85101a009968"
      }
    },
    {
      "identity" : "methods",
      "kind" : "remoteSourceControl",
      "location" : "https://github.com/leviouwendijk/Methods.git",
      "state" : {
        "branch" : "master",
        "revision" : "62656c2e32b7889df68415464b67b440f7e7e464"
      }
    },
    {
      "identity" : "milieu",
      "kind" : "remoteSourceControl",
      "location" : "https://github.com/leviouwendijk/Milieu.git",
      "state" : {
        "branch" : "master",
        "revision" : "4583182baf00cccbbdd271942819c8e774cf2194"
      }
    },
    {
      "identity" : "parsing",
      "kind" : "remoteSourceControl",
      "location" : "https://github.com/leviouwendijk/Parsing.git",
      "state" : {
        "branch" : "master",
        "revision" : "b415cec83b0499158df5d0faeb760a2d4943d236"
      }
    },
    {
      "identity" : "partition",
      "kind" : "remoteSourceControl",
      "location" : "https://github.com/leviouwendijk/Partition.git",
      "state" : {
        "branch" : "master",
        "revision" : "75c760b64555f8b5ee170f6bc9f9e5cbf8590475"
      }
    },
    {
      "identity" : "path",
      "kind" : "remoteSourceControl",
      "location" : "https://github.com/leviouwendijk/Path.git",
      "state" : {
        "branch" : "master",
        "revision" : "95fefcdcb3b27fac6163cc998911fcc8a223ccf1"
      }
    },
    {
      "identity" : "position",
      "kind" : "remoteSourceControl",
      "location" : "https://github.com/leviouwendijk/Position.git",
      "state" : {
        "branch" : "master",
        "revision" : "23c0ec4218a64853830a9448a97b756731e0afab"
      }
    },
    {
      "identity" : "primitives",
      "kind" : "remoteSourceControl",
      "location" : "https://github.com/leviouwendijk/Primitives.git",
      "state" : {
        "branch" : "master",
        "revision" : "03f80f4df2eab71c69de01e5b0e43f786c8abaad"
      }
    },
    {
      "identity" : "protocolcomponents",
      "kind" : "remoteSourceControl",
      "location" : "https://github.com/leviouwendijk/ProtocolComponents.git",
      "state" : {
        "branch" : "master",
        "revision" : "866ef7b22350aac41f455c5b2188f95f411a4507"
      }
    },
    {
      "identity" : "ranking",
      "kind" : "remoteSourceControl",
      "location" : "https://github.com/leviouwendijk/Ranking.git",
      "state" : {
        "branch" : "master",
        "revision" : "5180cfb8c8e0ff6ec6224b3430507cccd83995a4"
      }
    },
    {
      "identity" : "readers",
      "kind" : "remoteSourceControl",
      "location" : "https://github.com/leviouwendijk/Readers.git",
      "state" : {
        "branch" : "master",
        "revision" : "b966dbeb1201557a1f19dd23ff514f4a401d63ae"
      }
    },
    {
      "identity" : "schema",
      "kind" : "remoteSourceControl",
      "location" : "https://github.com/leviouwendijk/Schema.git",
      "state" : {
        "branch" : "master",
        "revision" : "703253bef3f4ae18e03bb35e68ac6db0d1bc584d"
      }
    },
    {
      "identity" : "search",
      "kind" : "remoteSourceControl",
      "location" : "https://github.com/leviouwendijk/Search.git",
      "state" : {
        "branch" : "master",
        "revision" : "eba51288c71cf69d2f8463beb105e708a6d553af"
      }
    },
    {
      "identity" : "selection",
      "kind" : "remoteSourceControl",
      "location" : "https://github.com/leviouwendijk/Selection.git",
      "state" : {
        "branch" : "master",
        "revision" : "a366ef72b58f066f7dc910c02ee4ae953966fb8a"
      }
    },
    {
      "identity" : "strings",
      "kind" : "remoteSourceControl",
      "location" : "https://github.com/leviouwendijk/Strings.git",
      "state" : {
        "branch" : "master",
        "revision" : "86a939d7bbb3e25808f88fbcedcee4069a5a5ae1"
      }
    },
    {
      "identity" : "swift-syntax",
      "kind" : "remoteSourceControl",
      "location" : "https://github.com/swiftlang/swift-syntax.git",
      "state" : {
        "revision" : "79e4b74a295b6eb74a8b585e3a39d29e70c1dbd1",
        "version" : "603.0.2"
      }
    },
    {
      "identity" : "terminal",
      "kind" : "remoteSourceControl",
      "location" : "https://github.com/leviouwendijk/Terminal.git",
      "state" : {
        "branch" : "master",
        "revision" : "269258eea726dc92d563f84cf0e53879c22e5e50"
      }
    },
    {
      "identity" : "testflows",
      "kind" : "remoteSourceControl",
      "location" : "https://github.com/leviouwendijk/TestFlows.git",
      "state" : {
        "branch" : "master",
        "revision" : "ef72deb44f924372959189d0c258c5cf7e2ba8ae"
      }
    },
    {
      "identity" : "tokens",
      "kind" : "remoteSourceControl",
      "location" : "https://github.com/leviouwendijk/Tokens.git",
      "state" : {
        "branch" : "master",
        "revision" : "4e6c16afcaa81606fa7b2dcd80f9a25965403687"
      }
    },
    {
      "identity" : "variables",
      "kind" : "remoteSourceControl",
      "location" : "https://github.com/leviouwendijk/Variables.git",
      "state" : {
        "branch" : "master",
        "revision" : "f719d1dc72ed4125831db80e9a9714a814676515"
      }
    },
    {
      "identity" : "version",
      "kind" : "remoteSourceControl",
      "location" : "https://github.com/leviouwendijk/Version.git",
      "state" : {
        "branch" : "master",
        "revision" : "25ff3c90cfef8053119f607910219a6ecdb304b7"
      }
    },
    {
      "identity" : "writers",
      "kind" : "remoteSourceControl",
      "location" : "https://github.com/leviouwendijk/Writers.git",
      "state" : {
        "branch" : "master",
        "revision" : "12088e81e35fb79ee19336adecd2f15f5af27708"
      }
    }
  ],
  "version" : 3
}
